
Microsoft Visual Studio Solution File, Format Version 12.00
# Visual Studio 14
VisualStudioVersion = 14.0.25420.1
MinimumVisualStudioVersion = 10.0.40219.1
Project("{8BC9CEB8-8B4A-11D0-8D11-00A0C91BC942}") = "C++ Essential Training", "C++ Essential Training\C++ Essential Training.vcxproj", "{3A3A4624-0388-493D-999D-2420BC9049B6}"
EndProject
Project("{8BC9CEB8-8B4A-11D0-8D11-00A0C91BC942}") = "BitMath", "BitMath\BitMath.vcxproj", "{4F4BEF9A-A1AA-4AB2-A6F6-20C1394ADAF8}"
EndProject
Project("{8BC9CEB8-8B4A-11D0-8D11-00A0C91BC942}") = "PointersAndReferences", "PointersAndReferences\PointersAndReferences.vcxproj", "{7BEF057A-8D37-4F44-81FB-A591CE8ABEB2}"
EndProject
Project("{8BC9CEB8-8B4A-11D0-8D11-00A0C91BC942}") = "OperatorsOverload", "OperatorsOverload\OperatorsOverload.vcxproj", "{737A7003-65E7-48A8-8BC1-19AF3D104669}"
EndProject
Project("{8BC9CEB8-8B4A-11D0-8D11-00A0C91BC942}") = "Masking", "Masking\Masking.vcxproj", "{D02F8C0F-4228-4B5E-8D77-08E350C98D92}"
EndProject
Project("{8BC9CEB8-8B4A-11D0-8D11-00A0C91BC942}") = "ConsoleArguments", "ConsoleArguments\ConsoleArguments.vcxproj", "{5ABFBCCD-553A-46D6-80FC-91D773953DFA}"
EndProject
Project("{8BC9CEB8-8B4A-11D0-8D11-00A0C91BC942}") = "References", "References\References.vcxproj", "{0832168E-9C07-4769-A741-2B34283D4AC1}"
EndProject
Project("{8BC9CEB8-8B4A-11D0-8D11-00A0C91BC942}") = "Arrays and Strings", "Arrays and Strings\Arrays and Strings.vcxproj", "{A68476F5-0CBD-4E49-B213-828E1D0440A8}"
EndProject
Project("{8BC9CEB8-8B4A-11D0-8D11-00A0C91BC942}") = "Conditionals", "Conditionals\Conditionals.vcxproj", "{0EAE001B-0694-414A-9683-A233C0F7CFF3}"
EndProject
Project("{8BC9CEB8-8B4A-11D0-8D11-00A0C91BC942}") = "Loops", "Loops\Loops.vcxproj", "{CDBFF8B1-0DA5-4E46-8169-08416A021013}"
EndProject
Project("{8BC9CEB8-8B4A-11D0-8D11-00A0C91BC942}") = "Using stdout", "Using STDOUT\Using STDOUT.vcxproj", "{FA8F70FE-3342-476E-8FA2-6226BC331ABD}"
EndProject
Project("{8BC9CEB8-8B4A-11D0-8D11-00A0C91BC942}") = "Inline Functions", "Inline Functions\Inline Functions.vcxproj", "{B4F9AA7C-2412-4D54-B2B7-771E5770EF16}"
EndProject
Project("{8BC9CEB8-8B4A-11D0-8D11-00A0C91BC942}") = "Functions", "Functions\Functions.vcxproj", "{0B0B9D10-F004-48B0-A0D9-34F0F2E5E5E1}"
EndProject
Project("{8BC9CEB8-8B4A-11D0-8D11-00A0C91BC942}") = "Preprocessor", "Preprocessor\Preprocessor.vcxproj", "{62EADEFB-37CB-4065-BFE9-86A803A61CAC}"
EndProject
Project("{8BC9CEB8-8B4A-11D0-8D11-00A0C91BC942}") = "Jump", "Jump\Jump.vcxproj", "{1423A3EC-E6F1-465B-9467-F16F8D4F7851}"
EndProject
Project("{8BC9CEB8-8B4A-11D0-8D11-00A0C91BC942}") = "Overloading Operators", "Overloading Operators\Overloading Operators.vcxproj", "{CD1F30F0-7BE7-4DCD-9276-71C8E1581A8D}"
EndProject
Global
	GlobalSection(SolutionConfigurationPlatforms) = preSolution
		Debug|x64 = Debug|x64
		Debug|x86 = Debug|x86
		Release|x64 = Release|x64
		Release|x86 = Release|x86
	EndGlobalSection
	GlobalSection(ProjectConfigurationPlatforms) = postSolution
		{3A3A4624-0388-493D-999D-2420BC9049B6}.Debug|x64.ActiveCfg = Debug|x64
		{3A3A4624-0388-493D-999D-2420BC9049B6}.Debug|x64.Build.0 = Debug|x64
		{3A3A4624-0388-493D-999D-2420BC9049B6}.Debug|x86.ActiveCfg = Debug|Win32
		{3A3A4624-0388-493D-999D-2420BC9049B6}.Debug|x86.Build.0 = Debug|Win32
		{3A3A4624-0388-493D-999D-2420BC9049B6}.Release|x64.ActiveCfg = Release|x64
		{3A3A4624-0388-493D-999D-2420BC9049B6}.Release|x64.Build.0 = Release|x64
		{3A3A4624-0388-493D-999D-2420BC9049B6}.Release|x86.ActiveCfg = Release|Win32
		{3A3A4624-0388-493D-999D-2420BC9049B6}.Release|x86.Build.0 = Release|Win32
		{4F4BEF9A-A1AA-4AB2-A6F6-20C1394ADAF8}.Debug|x64.ActiveCfg = Debug|x64
		{4F4BEF9A-A1AA-4AB2-A6F6-20C1394ADAF8}.Debug|x64.Build.0 = Debug|x64
		{4F4BEF9A-A1AA-4AB2-A6F6-20C1394ADAF8}.Debug|x86.ActiveCfg = Debug|Win32
		{4F4BEF9A-A1AA-4AB2-A6F6-20C1394ADAF8}.Debug|x86.Build.0 = Debug|Win32
		{4F4BEF9A-A1AA-4AB2-A6F6-20C1394ADAF8}.Release|x64.ActiveCfg = Release|x64
		{4F4BEF9A-A1AA-4AB2-A6F6-20C1394ADAF8}.Release|x64.Build.0 = Release|x64
		{4F4BEF9A-A1AA-4AB2-A6F6-20C1394ADAF8}.Release|x86.ActiveCfg = Release|Win32
		{4F4BEF9A-A1AA-4AB2-A6F6-20C1394ADAF8}.Release|x86.Build.0 = Release|Win32
		{7BEF057A-8D37-4F44-81FB-A591CE8ABEB2}.Debug|x64.ActiveCfg = Debug|x64
		{7BEF057A-8D37-4F44-81FB-A591CE8ABEB2}.Debug|x64.Build.0 = Debug|x64
		{7BEF057A-8D37-4F44-81FB-A591CE8ABEB2}.Debug|x86.ActiveCfg = Debug|Win32
		{7BEF057A-8D37-4F44-81FB-A591CE8ABEB2}.Debug|x86.Build.0 = Debug|Win32
		{7BEF057A-8D37-4F44-81FB-A591CE8ABEB2}.Release|x64.ActiveCfg = Release|x64
		{7BEF057A-8D37-4F44-81FB-A591CE8ABEB2}.Release|x64.Build.0 = Release|x64
		{7BEF057A-8D37-4F44-81FB-A591CE8ABEB2}.Release|x86.ActiveCfg = Release|Win32
		{7BEF057A-8D37-4F44-81FB-A591CE8ABEB2}.Release|x86.Build.0 = Release|Win32
		{737A7003-65E7-48A8-8BC1-19AF3D104669}.Debug|x64.ActiveCfg = Debug|x64
		{737A7003-65E7-48A8-8BC1-19AF3D104669}.Debug|x64.Build.0 = Debug|x64
		{737A7003-65E7-48A8-8BC1-19AF3D104669}.Debug|x86.ActiveCfg = Debug|Win32
		{737A7003-65E7-48A8-8BC1-19AF3D104669}.Debug|x86.Build.0 = Debug|Win32
		{737A7003-65E7-48A8-8BC1-19AF3D104669}.Release|x64.ActiveCfg = Release|x64
		{737A7003-65E7-48A8-8BC1-19AF3D104669}.Release|x64.Build.0 = Release|x64
		{737A7003-65E7-48A8-8BC1-19AF3D104669}.Release|x86.ActiveCfg = Release|Win32
		{737A7003-65E7-48A8-8BC1-19AF3D104669}.Release|x86.Build.0 = Release|Win32
		{D02F8C0F-4228-4B5E-8D77-08E350C98D92}.Debug|x64.ActiveCfg = Debug|x64
		{D02F8C0F-4228-4B5E-8D77-08E350C98D92}.Debug|x64.Build.0 = Debug|x64
		{D02F8C0F-4228-4B5E-8D77-08E350C98D92}.Debug|x86.ActiveCfg = Debug|Win32
		{D02F8C0F-4228-4B5E-8D77-08E350C98D92}.Debug|x86.Build.0 = Debug|Win32
		{D02F8C0F-4228-4B5E-8D77-08E350C98D92}.Release|x64.ActiveCfg = Release|x64
		{D02F8C0F-4228-4B5E-8D77-08E350C98D92}.Release|x64.Build.0 = Release|x64
		{D02F8C0F-4228-4B5E-8D77-08E350C98D92}.Release|x86.ActiveCfg = Release|Win32
		{D02F8C0F-4228-4B5E-8D77-08E350C98D92}.Release|x86.Build.0 = Release|Win32
		{5ABFBCCD-553A-46D6-80FC-91D773953DFA}.Debug|x64.ActiveCfg = Debug|x64
		{5ABFBCCD-553A-46D6-80FC-91D773953DFA}.Debug|x64.Build.0 = Debug|x64
		{5ABFBCCD-553A-46D6-80FC-91D773953DFA}.Debug|x86.ActiveCfg = Debug|Win32
		{5ABFBCCD-553A-46D6-80FC-91D773953DFA}.Debug|x86.Build.0 = Debug|Win32
		{5ABFBCCD-553A-46D6-80FC-91D773953DFA}.Release|x64.ActiveCfg = Release|x64
		{5ABFBCCD-553A-46D6-80FC-91D773953DFA}.Release|x64.Build.0 = Release|x64
		{5ABFBCCD-553A-46D6-80FC-91D773953DFA}.Release|x86.ActiveCfg = Release|Win32
		{5ABFBCCD-553A-46D6-80FC-91D773953DFA}.Release|x86.Build.0 = Release|Win32
		{0832168E-9C07-4769-A741-2B34283D4AC1}.Debug|x64.ActiveCfg = Debug|x64
		{0832168E-9C07-4769-A741-2B34283D4AC1}.Debug|x64.Build.0 = Debug|x64
		{0832168E-9C07-4769-A741-2B34283D4AC1}.Debug|x86.ActiveCfg = Debug|Win32
		{0832168E-9C07-4769-A741-2B34283D4AC1}.Debug|x86.Build.0 = Debug|Win32
		{0832168E-9C07-4769-A741-2B34283D4AC1}.Release|x64.ActiveCfg = Release|x64
		{0832168E-9C07-4769-A741-2B34283D4AC1}.Release|x64.Build.0 = Release|x64
		{0832168E-9C07-4769-A741-2B34283D4AC1}.Release|x86.ActiveCfg = Release|Win32
		{0832168E-9C07-4769-A741-2B34283D4AC1}.Release|x86.Build.0 = Release|Win32
		{A68476F5-0CBD-4E49-B213-828E1D0440A8}.Debug|x64.ActiveCfg = Debug|x64
		{A68476F5-0CBD-4E49-B213-828E1D0440A8}.Debug|x64.Build.0 = Debug|x64
		{A68476F5-0CBD-4E49-B213-828E1D0440A8}.Debug|x86.ActiveCfg = Debug|Win32
		{A68476F5-0CBD-4E49-B213-828E1D0440A8}.Debug|x86.Build.0 = Debug|Win32
		{A68476F5-0CBD-4E49-B213-828E1D0440A8}.Release|x64.ActiveCfg = Release|x64
		{A68476F5-0CBD-4E49-B213-828E1D0440A8}.Release|x64.Build.0 = Release|x64
		{A68476F5-0CBD-4E49-B213-828E1D0440A8}.Release|x86.ActiveCfg = Release|Win32
		{A68476F5-0CBD-4E49-B213-828E1D0440A8}.Release|x86.Build.0 = Release|Win32
		{0EAE001B-0694-414A-9683-A233C0F7CFF3}.Debug|x64.ActiveCfg = Debug|x64
		{0EAE001B-0694-414A-9683-A233C0F7CFF3}.Debug|x64.Build.0 = Debug|x64
		{0EAE001B-0694-414A-9683-A233C0F7CFF3}.Debug|x86.ActiveCfg = Debug|Win32
		{0EAE001B-0694-414A-9683-A233C0F7CFF3}.Debug|x86.Build.0 = Debug|Win32
		{0EAE001B-0694-414A-9683-A233C0F7CFF3}.Release|x64.ActiveCfg = Release|x64
		{0EAE001B-0694-414A-9683-A233C0F7CFF3}.Release|x64.Build.0 = Release|x64
		{0EAE001B-0694-414A-9683-A233C0F7CFF3}.Release|x86.ActiveCfg = Release|Win32
		{0EAE001B-0694-414A-9683-A233C0F7CFF3}.Release|x86.Build.0 = Release|Win32
		{CDBFF8B1-0DA5-4E46-8169-08416A021013}.Debug|x64.ActiveCfg = Debug|x64
		{CDBFF8B1-0DA5-4E46-8169-08416A021013}.Debug|x64.Build.0 = Debug|x64
		{CDBFF8B1-0DA5-4E46-8169-08416A021013}.Debug|x86.ActiveCfg = Debug|Win32
		{CDBFF8B1-0DA5-4E46-8169-08416A021013}.Debug|x86.Build.0 = Debug|Win32
		{CDBFF8B1-0DA5-4E46-8169-08416A021013}.Release|x64.ActiveCfg = Release|x64
		{CDBFF8B1-0DA5-4E46-8169-08416A021013}.Release|x64.Build.0 = Release|x64
		{CDBFF8B1-0DA5-4E46-8169-08416A021013}.Release|x86.ActiveCfg = Release|Win32
		{CDBFF8B1-0DA5-4E46-8169-08416A021013}.Release|x86.Build.0 = Release|Win32
		{FA8F70FE-3342-476E-8FA2-6226BC331ABD}.Debug|x64.ActiveCfg = Debug|x64
		{FA8F70FE-3342-476E-8FA2-6226BC331ABD}.Debug|x64.Build.0 = Debug|x64
		{FA8F70FE-3342-476E-8FA2-6226BC331ABD}.Debug|x86.ActiveCfg = Debug|Win32
		{FA8F70FE-3342-476E-8FA2-6226BC331ABD}.Debug|x86.Build.0 = Debug|Win32
		{FA8F70FE-3342-476E-8FA2-6226BC331ABD}.Release|x64.ActiveCfg = Release|x64
		{FA8F70FE-3342-476E-8FA2-6226BC331ABD}.Release|x64.Build.0 = Release|x64
		{FA8F70FE-3342-476E-8FA2-6226BC331ABD}.Release|x86.ActiveCfg = Release|Win32
		{FA8F70FE-3342-476E-8FA2-6226BC331ABD}.Release|x86.Build.0 = Release|Win32
		{B4F9AA7C-2412-4D54-B2B7-771E5770EF16}.Debug|x64.ActiveCfg = Debug|x64
		{B4F9AA7C-2412-4D54-B2B7-771E5770EF16}.Debug|x64.Build.0 = Debug|x64
		{B4F9AA7C-2412-4D54-B2B7-771E5770EF16}.Debug|x86.ActiveCfg = Debug|Win32
		{B4F9AA7C-2412-4D54-B2B7-771E5770EF16}.Debug|x86.Build.0 = Debug|Win32
		{B4F9AA7C-2412-4D54-B2B7-771E5770EF16}.Release|x64.ActiveCfg = Release|x64
		{B4F9AA7C-2412-4D54-B2B7-771E5770EF16}.Release|x64.Build.0 = Release|x64
		{B4F9AA7C-2412-4D54-B2B7-771E5770EF16}.Release|x86.ActiveCfg = Release|Win32
		{B4F9AA7C-2412-4D54-B2B7-771E5770EF16}.Release|x86.Build.0 = Release|Win32
		{0B0B9D10-F004-48B0-A0D9-34F0F2E5E5E1}.Debug|x64.ActiveCfg = Debug|x64
		{0B0B9D10-F004-48B0-A0D9-34F0F2E5E5E1}.Debug|x64.Build.0 = Debug|x64
		{0B0B9D10-F004-48B0-A0D9-34F0F2E5E5E1}.Debug|x86.ActiveCfg = Debug|Win32
		{0B0B9D10-F004-48B0-A0D9-34F0F2E5E5E1}.Debug|x86.Build.0 = Debug|Win32
		{0B0B9D10-F004-48B0-A0D9-34F0F2E5E5E1}.Release|x64.ActiveCfg = Release|x64
		{0B0B9D10-F004-48B0-A0D9-34F0F2E5E5E1}.Release|x64.Build.0 = Release|x64
		{0B0B9D10-F004-48B0-A0D9-34F0F2E5E5E1}.Release|x86.ActiveCfg = Release|Win32
		{0B0B9D10-F004-48B0-A0D9-34F0F2E5E5E1}.Release|x86.Build.0 = Release|Win32
		{62EADEFB-37CB-4065-BFE9-86A803A61CAC}.Debug|x64.ActiveCfg = Debug|x64
		{62EADEFB-37CB-4065-BFE9-86A803A61CAC}.Debug|x64.Build.0 = Debug|x64
		{62EADEFB-37CB-4065-BFE9-86A803A61CAC}.Debug|x86.ActiveCfg = Debug|Win32
		{62EADEFB-37CB-4065-BFE9-86A803A61CAC}.Debug|x86.Build.0 = Debug|Win32
		{62EADEFB-37CB-4065-BFE9-86A803A61CAC}.Release|x64.ActiveCfg = Release|x64
		{62EADEFB-37CB-4065-BFE9-86A803A61CAC}.Release|x64.Build.0 = Release|x64
		{62EADEFB-37CB-4065-BFE9-86A803A61CAC}.Release|x86.ActiveCfg = Release|Win32
		{62EADEFB-37CB-4065-BFE9-86A803A61CAC}.Release|x86.Build.0 = Release|Win32
		{1423A3EC-E6F1-465B-9467-F16F8D4F7851}.Debug|x64.ActiveCfg = Debug|x64
		{1423A3EC-E6F1-465B-9467-F16F8D4F7851}.Debug|x64.Build.0 = Debug|x64
		{1423A3EC-E6F1-465B-9467-F16F8D4F7851}.Debug|x86.ActiveCfg = Debug|Win32
		{1423A3EC-E6F1-465B-9467-F16F8D4F7851}.Debug|x86.Build.0 = Debug|Win32
		{1423A3EC-E6F1-465B-9467-F16F8D4F7851}.Release|x64.ActiveCfg = Release|x64
		{1423A3EC-E6F1-465B-9467-F16F8D4F7851}.Release|x64.Build.0 = Release|x64
		{1423A3EC-E6F1-465B-9467-F16F8D4F7851}.Release|x86.ActiveCfg = Release|Win32
		{1423A3EC-E6F1-465B-9467-F16F8D4F7851}.Release|x86.Build.0 = Release|Win32
		{CD1F30F0-7BE7-4DCD-9276-71C8E1581A8D}.Debug|x64.ActiveCfg = Debug|x64
		{CD1F30F0-7BE7-4DCD-9276-71C8E1581A8D}.Debug|x64.Build.0 = Debug|x64
		{CD1F30F0-7BE7-4DCD-9276-71C8E1581A8D}.Debug|x86.ActiveCfg = Debug|Win32
		{CD1F30F0-7BE7-4DCD-9276-71C8E1581A8D}.Debug|x86.Build.0 = Debug|Win32
		{CD1F30F0-7BE7-4DCD-9276-71C8E1581A8D}.Release|x64.ActiveCfg = Release|x64
		{CD1F30F0-7BE7-4DCD-9276-71C8E1581A8D}.Release|x64.Build.0 = Release|x64
		{CD1F30F0-7BE7-4DCD-9276-71C8E1581A8D}.Release|x86.ActiveCfg = Release|Win32
		{CD1F30F0-7BE7-4DCD-9276-71C8E1581A8D}.Release|x86.Build.0 = Release|Win32
	EndGlobalSection
	GlobalSection(SolutionProperties) = preSolution
		HideSolutionNode = FALSE
	EndGlobalSection
EndGlobal
